// !$*UTF8*$!
{
	archiveVersion = 1;
	classes = {
	};
	objectVersion = 50;
	objects = {

/* Begin PBXBuildFile section */
		E468FD472702ACC400D05651 /* AppDelegate.swift in Sources */ = {isa = PBXBuildFile; fileRef = E468FD462702ACC400D05651 /* AppDelegate.swift */; };
		E468FD492702ACC400D05651 /* SceneDelegate.swift in Sources */ = {isa = PBXBuildFile; fileRef = E468FD482702ACC400D05651 /* SceneDelegate.swift */; };
		E468FD4B2702ACC400D05651 /* ViewController.swift in Sources */ = {isa = PBXBuildFile; fileRef = E468FD4A2702ACC400D05651 /* ViewController.swift */; };
		E468FD4E2702ACC400D05651 /* Main.storyboard in Resources */ = {isa = PBXBuildFile; fileRef = E468FD4C2702ACC400D05651 /* Main.storyboard */; };
		E468FD512702ACC400D05651 /* Instagram_Clone.xcdatamodeld in Sources */ = {isa = PBXBuildFile; fileRef = E468FD4F2702ACC400D05651 /* Instagram_Clone.xcdatamodeld */; };
		E468FD532702ACC400D05651 /* Assets.xcassets in Resources */ = {isa = PBXBuildFile; fileRef = E468FD522702ACC400D05651 /* Assets.xcassets */; };
		E468FD562702ACC400D05651 /* LaunchScreen.storyboard in Resources */ = {isa = PBXBuildFile; fileRef = E468FD542702ACC400D05651 /* LaunchScreen.storyboard */; };
		E468FD612702ACFD00D05651 /* HomeViewController.swift in Sources */ = {isa = PBXBuildFile; fileRef = E468FD5F2702ACFD00D05651 /* HomeViewController.swift */; };
		E468FD622702ACFD00D05651 /* HomeViewController.xib in Resources */ = {isa = PBXBuildFile; fileRef = E468FD602702ACFD00D05651 /* HomeViewController.xib */; };
		E468FD652702AD0E00D05651 /* SignUpViewController.swift in Sources */ = {isa = PBXBuildFile; fileRef = E468FD632702AD0E00D05651 /* SignUpViewController.swift */; };
		E468FD662702AD0E00D05651 /* SignUpViewController.xib in Resources */ = {isa = PBXBuildFile; fileRef = E468FD642702AD0E00D05651 /* SignUpViewController.xib */; };
		E468FD692702AD1D00D05651 /* SignInViewController.swift in Sources */ = {isa = PBXBuildFile; fileRef = E468FD672702AD1D00D05651 /* SignInViewController.swift */; };
		E468FD6A2702AD1D00D05651 /* SignInViewController.xib in Resources */ = {isa = PBXBuildFile; fileRef = E468FD682702AD1D00D05651 /* SignInViewController.xib */; };
		E468FD6C2702BEA000D05651 /* BaseViewController.swift in Sources */ = {isa = PBXBuildFile; fileRef = E468FD6B2702BEA000D05651 /* BaseViewController.swift */; };
/* End PBXBuildFile section */

/* Begin PBXFileReference section */
		E468FD432702ACC400D05651 /* Instagram Clone.app */ = {isa = PBXFileReference; explicitFileType = wrapper.application; includeInIndex = 0; path = "Instagram Clone.app"; sourceTree = BUILT_PRODUCTS_DIR; };
		E468FD462702ACC400D05651 /* AppDelegate.swift */ = {isa = PBXFileReference; lastKnownFileType = sourcecode.swift; path = AppDelegate.swift; sourceTree = "<group>"; };
		E468FD482702ACC400D05651 /* SceneDelegate.swift */ = {isa = PBXFileReference; lastKnownFileType = sourcecode.swift; path = SceneDelegate.swift; sourceTree = "<group>"; };
		E468FD4A2702ACC400D05651 /* ViewController.swift */ = {isa = PBXFileReference; lastKnownFileType = sourcecode.swift; path = ViewController.swift; sourceTree = "<group>"; };
		E468FD4D2702ACC400D05651 /* Base */ = {isa = PBXFileReference; lastKnownFileType = file.storyboard; name = Base; path = Base.lproj/Main.storyboard; sourceTree = "<group>"; };
		E468FD502702ACC400D05651 /* Instagram_Clone.xcdatamodel */ = {isa = PBXFileReference; lastKnownFileType = wrapper.xcdatamodel; path = Instagram_Clone.xcdatamodel; sourceTree = "<group>"; };
		E468FD522702ACC400D05651 /* Assets.xcassets */ = {isa = PBXFileReference; lastKnownFileType = folder.assetcatalog; path = Assets.xcassets; sourceTree = "<group>"; };
		E468FD552702ACC400D05651 /* Base */ = {isa = PBXFileReference; lastKnownFileType = file.storyboard; name = Base; path = Base.lproj/LaunchScreen.storyboard; sourceTree = "<group>"; };
		E468FD572702ACC400D05651 /* Info.plist */ = {isa = PBXFileReference; lastKnownFileType = text.plist.xml; path = Info.plist; sourceTree = "<group>"; };
		E468FD5F2702ACFD00D05651 /* HomeViewController.swift */ = {isa = PBXFileReference; lastKnownFileType = sourcecode.swift; path = HomeViewController.swift; sourceTree = "<group>"; };
		E468FD602702ACFD00D05651 /* HomeViewController.xib */ = {isa = PBXFileReference; lastKnownFileType = file.xib; path = HomeViewController.xib; sourceTree = "<group>"; };
		E468FD632702AD0E00D05651 /* SignUpViewController.swift */ = {isa = PBXFileReference; lastKnownFileType = sourcecode.swift; path = SignUpViewController.swift; sourceTree = "<group>"; };
		E468FD642702AD0E00D05651 /* SignUpViewController.xib */ = {isa = PBXFileReference; lastKnownFileType = file.xib; path = SignUpViewController.xib; sourceTree = "<group>"; };
		E468FD672702AD1D00D05651 /* SignInViewController.swift */ = {isa = PBXFileReference; lastKnownFileType = sourcecode.swift; path = SignInViewController.swift; sourceTree = "<group>"; };
		E468FD682702AD1D00D05651 /* SignInViewController.xib */ = {isa = PBXFileReference; lastKnownFileType = file.xib; path = SignInViewController.xib; sourceTree = "<group>"; };
		E468FD6B2702BEA000D05651 /* BaseViewController.swift */ = {isa = PBXFileReference; lastKnownFileType = sourcecode.swift; path = BaseViewController.swift; sourceTree = "<group>"; };
/* End PBXFileReference section */

/* Begin PBXFrameworksBuildPhase section */
		E468FD402702ACC400D05651 /* Frameworks */ = {
			isa = PBXFrameworksBuildPhase;
			buildActionMask = 2147483647;
			files = (
			);
			runOnlyForDeploymentPostprocessing = 0;
		};
/* End PBXFrameworksBuildPhase section */

/* Begin PBXGroup section */
		E468FD3A2702ACC400D05651 = {
			isa = PBXGroup;
			children = (
				E468FD452702ACC400D05651 /* Instagram Clone */,
				E468FD442702ACC400D05651 /* Products */,
			);
			sourceTree = "<group>";
		};
		E468FD442702ACC400D05651 /* Products */ = {
			isa = PBXGroup;
			children = (
				E468FD432702ACC400D05651 /* Instagram Clone.app */,
			);
			name = Products;
			sourceTree = "<group>";
		};
		E468FD452702ACC400D05651 /* Instagram Clone */ = {
			isa = PBXGroup;
			children = (
				E468FD5E2702ACE700D05651 /* Controllers */,
				E468FD5D2702ACCD00D05651 /* AppBox */,
				E468FD462702ACC400D05651 /* AppDelegate.swift */,
				E468FD482702ACC400D05651 /* SceneDelegate.swift */,
				E468FD572702ACC400D05651 /* Info.plist */,
			);
			path = "Instagram Clone";
			sourceTree = "<group>";
		};
		E468FD5D2702ACCD00D05651 /* AppBox */ = {
			isa = PBXGroup;
			children = (
				E468FD4C2702ACC400D05651 /* Main.storyboard */,
				E468FD522702ACC400D05651 /* Assets.xcassets */,
				E468FD542702ACC400D05651 /* LaunchScreen.storyboard */,
				E468FD4A2702ACC400D05651 /* ViewController.swift */,
				E468FD4F2702ACC400D05651 /* Instagram_Clone.xcdatamodeld */,
			);
			path = AppBox;
			sourceTree = "<group>";
		};
		E468FD5E2702ACE700D05651 /* Controllers */ = {
			isa = PBXGroup;
			children = (
				E468FD6B2702BEA000D05651 /* BaseViewController.swift */,
				E468FD5F2702ACFD00D05651 /* HomeViewController.swift */,
				E468FD602702ACFD00D05651 /* HomeViewController.xib */,
				E468FD672702AD1D00D05651 /* SignInViewController.swift */,
				E468FD682702AD1D00D05651 /* SignInViewController.xib */,
				E468FD632702AD0E00D05651 /* SignUpViewController.swift */,
				E468FD642702AD0E00D05651 /* SignUpViewController.xib */,
			);
			path = Controllers;
			sourceTree = "<group>";
		};
/* End PBXGroup section */

/* Begin PBXNativeTarget section */
		E468FD422702ACC400D05651 /* Instagram Clone */ = {
			isa = PBXNativeTarget;
			buildConfigurationList = E468FD5A2702ACC400D05651 /* Build configuration list for PBXNativeTarget "Instagram Clone" */;
			buildPhases = (
				E468FD3F2702ACC400D05651 /* Sources */,
				E468FD402702ACC400D05651 /* Frameworks */,
				E468FD412702ACC400D05651 /* Resources */,
			);
			buildRules = (
			);
			dependencies = (
			);
			name = "Instagram Clone";
			productName = "Instagram Clone";
			productReference = E468FD432702ACC400D05651 /* Instagram Clone.app */;
			productType = "com.apple.product-type.application";
		};
/* End PBXNativeTarget section */

/* Begin PBXProject section */
		E468FD3B2702ACC400D05651 /* Project object */ = {
			isa = PBXProject;
			attributes = {
				LastSwiftUpdateCheck = 1250;
				LastUpgradeCheck = 1250;
				TargetAttributes = {
					E468FD422702ACC400D05651 = {
						CreatedOnToolsVersion = 12.5.1;
					};
				};
			};
			buildConfigurationList = E468FD3E2702ACC400D05651 /* Build configuration list for PBXProject "Instagram Clone" */;
			compatibilityVersion = "Xcode 9.3";
			developmentRegion = en;
			hasScannedForEncodings = 0;
			knownRegions = (
				en,
				Base,
			);
			mainGroup = E468FD3A2702ACC400D05651;
			productRefGroup = E468FD442702ACC400D05651 /* Products */;
			projectDirPath = "";
			projectRoot = "";
			targets = (
				E468FD422702ACC400D05651 /* Instagram Clone */,
			);
		};
/* End PBXProject section */

/* Begin PBXResourcesBuildPhase section */
		E468FD412702ACC400D05651 /* Resources */ = {
			isa = PBXResourcesBuildPhase;
			buildActionMask = 2147483647;
			files = (
				E468FD662702AD0E00D05651 /* SignUpViewController.xib in Resources */,
				E468FD562702ACC400D05651 /* LaunchScreen.storyboard in Resources */,
				E468FD532702ACC400D05651 /* Assets.xcassets in Resources */,
				E468FD4E2702ACC400D05651 /* Main.storyboard in Resources */,
				E468FD6A2702AD1D00D05651 /* SignInViewController.xib in Resources */,
				E468FD622702ACFD00D05651 /* HomeViewController.xib in Resources */,
			);
			runOnlyForDeploymentPostprocessing = 0;
		};
/* End PBXResourcesBuildPhase section */

/* Begin PBXSourcesBuildPhase section */
		E468FD3F2702ACC400D05651 /* Sources */ = {
			isa = PBXSourcesBuildPhase;
			buildActionMask = 2147483647;
			files = (
				E468FD692702AD1D00D05651 /* SignInViewController.swift in Sources */,
				E468FD652702AD0E00D05651 /* SignUpViewController.swift in Sources */,
				E468FD612702ACFD00D05651 /* HomeViewController.swift in Sources */,
				E468FD4B2702ACC400D05651 /* ViewController.swift in Sources */,
				E468FD472702ACC400D05651 /* AppDelegate.swift in Sources */,
				E468FD6C2702BEA000D05651 /* BaseViewController.swift in Sources */,
				E468FD512702ACC400D05651 /* Instagram_Clone.xcdatamodeld in Sources */,
				E468FD492702ACC400D05651 /* SceneDelegate.swift in Sources */,
			);
			runOnlyForDeploymentPostprocessing = 0;
		};
/* End PBXSourcesBuildPhase section */

/* Begin PBXVariantGroup section */
		E468FD4C2702ACC400D05651 /* Main.storyboard */ = {
			isa = PBXVariantGroup;
			children = (
				E468FD4D2702ACC400D05651 /* Base */,
			);
			name = Main.storyboard;
			sourceTree = "<group>";
		};
		E468FD542702ACC400D05651 /* LaunchScreen.storyboard */ = {
			isa = PBXVariantGroup;
			children = (
				E468FD552702ACC400D05651 /* Base */,
			);
			name = LaunchScreen.storyboard;
			sourceTree = "<group>";
		};
/* End PBXVariantGroup section */

/* Begin XCBuildConfiguration section */
		E468FD582702ACC400D05651 /* Debug */ = {
			isa = XCBuildConfiguration;
			buildSettings = {
				ALWAYS_SEARCH_USER_PATHS = NO;
				CLANG_ANALYZER_NONNULL = YES;
				CLANG_ANALYZER_NUMBER_OBJECT_CONVERSION = YES_AGGRESSIVE;
				CLANG_CXX_LANGUAGE_STANDARD = "gnu++14";
				CLANG_CXX_LIBRARY = "libc++";
				CLANG_ENABLE_MODULES = YES;
				CLANG_ENABLE_OBJC_ARC = YES;
				CLANG_ENABLE_OBJC_WEAK = YES;
				CLANG_WARN_BLOCK_CAPTURE_AUTORELEASING = YES;
				CLANG_WARN_BOOL_CONVERSION = YES;
				CLANG_WARN_COMMA = YES;
				CLANG_WARN_CONSTANT_CONVERSION = YES;
				CLANG_WARN_DEPRECATED_OBJC_IMPLEMENTATIONS = YES;
				CLANG_WARN_DIRECT_OBJC_ISA_USAGE = YES_ERROR;
				CLANG_WARN_DOCUMENTATION_COMMENTS = YES;
				CLANG_WARN_EMPTY_BODY = YES;
				CLANG_WARN_ENUM_CONVERSION = YES;
				CLANG_WARN_INFINITE_RECURSION = YES;
				CLANG_WARN_INT_CONVERSION = YES;
				CLANG_WARN_NON_LITERAL_NULL_CONVERSION = YES;
				CLANG_WARN_OBJC_IMPLICIT_RETAIN_SELF = YES;
				CLANG_WARN_OBJC_LITERAL_CONVERSION = YES;
				CLANG_WARN_OBJC_ROOT_CLASS = YES_ERROR;
				CLANG_WARN_QUOTED_INCLUDE_IN_FRAMEWORK_HEADER = YES;
				CLANG_WARN_RANGE_LOOP_ANALYSIS = YES;
				CLANG_WARN_STRICT_PROTOTYPES = YES;
				CLANG_WARN_SUSPICIOUS_MOVE = YES;
				CLANG_WARN_UNGUARDED_AVAILABILITY = YES_AGGRESSIVE;
				CLANG_WARN_UNREACHABLE_CODE = YES;
				CLANG_WARN__DUPLICATE_METHOD_MATCH = YES;
				COPY_PHASE_STRIP = NO;
				DEBUG_INFORMATION_FORMAT = dwarf;
				ENABLE_STRICT_OBJC_MSGSEND = YES;
				ENABLE_TESTABILITY = YES;
				GCC_C_LANGUAGE_STANDARD = gnu11;
				GCC_DYNAMIC_NO_PIC = NO;
				GCC_NO_COMMON_BLOCKS = YES;
				GCC_OPTIMIZATION_LEVEL = 0;
				GCC_PREPROCESSOR_DEFINITIONS = (
					"DEBUG=1",
					"$(inherited)",
				);
				GCC_WARN_64_TO_32_BIT_CONVERSION = YES;
				GCC_WARN_ABOUT_RETURN_TYPE = YES_ERROR;
				GCC_WARN_UNDECLARED_SELECTOR = YES;
				GCC_WARN_UNINITIALIZED_AUTOS = YES_AGGRESSIVE;
				GCC_WARN_UNUSED_FUNCTION = YES;
				GCC_WARN_UNUSED_VARIABLE = YES;
				IPHONEOS_DEPLOYMENT_TARGET = 14.5;
				MTL_ENABLE_DEBUG_INFO = INCLUDE_SOURCE;
				MTL_FAST_MATH = YES;
				ONLY_ACTIVE_ARCH = YES;
				SDKROOT = iphoneos;
				SWIFT_ACTIVE_COMPILATION_CONDITIONS = DEBUG;
				SWIFT_OPTIMIZATION_LEVEL = "-Onone";
			};
			name = Debug;
		};
		E468FD592702ACC400D05651 /* Release */ = {
			isa = XCBuildConfiguration;
			buildSettings = {
				ALWAYS_SEARCH_USER_PATHS = NO;
				CLANG_ANALYZER_NONNULL = YES;
				CLANG_ANALYZER_NUMBER_OBJECT_CONVERSION = YES_AGGRESSIVE;
				CLANG_CXX_LANGUAGE_STANDARD = "gnu++14";
				CLANG_CXX_LIBRARY = "libc++";
				CLANG_ENABLE_MODULES = YES;
				CLANG_ENABLE_OBJC_ARC = YES;
				CLANG_ENABLE_OBJC_WEAK = YES;
				CLANG_WARN_BLOCK_CAPTURE_AUTORELEASING = YES;
				CLANG_WARN_BOOL_CONVERSION = YES;
				CLANG_WARN_COMMA = YES;
				CLANG_WARN_CONSTANT_CONVERSION = YES;
				CLANG_WARN_DEPRECATED_OBJC_IMPLEMENTATIONS = YES;
				CLANG_WARN_DIRECT_OBJC_ISA_USAGE = YES_ERROR;
				CLANG_WARN_DOCUMENTATION_COMMENTS = YES;
				CLANG_WARN_EMPTY_BODY = YES;
				CLANG_WARN_ENUM_CONVERSION = YES;
				CLANG_WARN_INFINITE_RECURSION = YES;
				CLANG_WARN_INT_CONVERSION = YES;
				CLANG_WARN_NON_LITERAL_NULL_CONVERSION = YES;
				CLANG_WARN_OBJC_IMPLICIT_RETAIN_SELF = YES;
				CLANG_WARN_OBJC_LITERAL_CONVERSION = YES;
				CLANG_WARN_OBJC_ROOT_CLASS = YES_ERROR;
				CLANG_WARN_QUOTED_INCLUDE_IN_FRAMEWORK_HEADER = YES;
				CLANG_WARN_RANGE_LOOP_ANALYSIS = YES;
				CLANG_WARN_STRICT_PROTOTYPES = YES;
				CLANG_WARN_SUSPICIOUS_MOVE = YES;
				CLANG_WARN_UNGUARDED_AVAILABILITY = YES_AGGRESSIVE;
				CLANG_WARN_UNREACHABLE_CODE = YES;
				CLANG_WARN__DUPLICATE_METHOD_MATCH = YES;
				COPY_PHASE_STRIP = NO;
				DEBUG_INFORMATION_FORMAT = "dwarf-with-dsym";
				ENABLE_NS_ASSERTIONS = NO;
				ENABLE_STRICT_OBJC_MSGSEND = YES;
				GCC_C_LANGUAGE_STANDARD = gnu11;
				GCC_NO_COMMON_BLOCKS = YES;
				GCC_WARN_64_TO_32_BIT_CONVERSION = YES;
				GCC_WARN_ABOUT_RETURN_TYPE = YES_ERROR;
				GCC_WARN_UNDECLARED_SELECTOR = YES;
				GCC_WARN_UNINITIALIZED_AUTOS = YES_AGGRESSIVE;
				GCC_WARN_UNUSED_FUNCTION = YES;
				GCC_WARN_UNUSED_VARIABLE = YES;
				IPHONEOS_DEPLOYMENT_TARGET = 14.5;
				MTL_ENABLE_DEBUG_INFO = NO;
				MTL_FAST_MATH = YES;
				SDKROOT = iphoneos;
				SWIFT_COMPILATION_MODE = wholemodule;
				SWIFT_OPTIMIZATION_LEVEL = "-O";
				VALIDATE_PRODUCT = YES;
			};
			name = Release;
		};
		E468FD5B2702ACC400D05651 /* Debug */ = {
			isa = XCBuildConfiguration;
			buildSettings = {
				ASSETCATALOG_COMPILER_APPICON_NAME = AppIcon;
				ASSETCATALOG_COMPILER_GLOBAL_ACCENT_COLOR_NAME = AccentColor;
				CODE_SIGN_STYLE = Automatic;
				DEVELOPMENT_TEAM = 5MSB2Y5YH2;
				INFOPLIST_FILE = "Instagram Clone/Info.plist";
				LD_RUNPATH_SEARCH_PATHS = (
					"$(inherited)",
					"@executable_path/Frameworks",
				);
				PRODUCT_BUNDLE_IDENTIFIER = "pdp.uz.Instagram-Clone";
				PRODUCT_NAME = "$(TARGET_NAME)";
				SWIFT_VERSION = 5.0;
				TARGETED_DEVICE_FAMILY = "1,2";
			};
			name = Debug;
		};
		E468FD5C2702ACC400D05651 /* Release */ = {
			isa = XCBuildConfiguration;
			buildSettings = {
				ASSETCATALOG_COMPILER_APPICON_NAME = AppIcon;
				ASSETCATALOG_COMPILER_GLOBAL_ACCENT_COLOR_NAME = AccentColor;
				CODE_SIGN_STYLE = Automatic;
				DEVELOPMENT_TEAM = 5MSB2Y5YH2;
				INFOPLIST_FILE = "Instagram Clone/Info.plist";
				LD_RUNPATH_SEARCH_PATHS = (
					"$(inherited)",
					"@executable_path/Frameworks",
				);
				PRODUCT_BUNDLE_IDENTIFIER = "pdp.uz.Instagram-Clone";
				PRODUCT_NAME = "$(TARGET_NAME)";
				SWIFT_VERSION = 5.0;
				TARGETED_DEVICE_FAMILY = "1,2";
			};
			name = Release;
		};
/* End XCBuildConfiguration section */

/* Begin XCConfigurationList section */
		E468FD3E2702ACC400D05651 /* Build configuration list for PBXProject "Instagram Clone" */ = {
			isa = XCConfigurationList;
			buildConfigurations = (
				E468FD582702ACC400D05651 /* Debug */,
				E468FD592702ACC400D05651 /* Release */,
			);
			defaultConfigurationIsVisible = 0;
			defaultConfigurationName = Release;
		};
		E468FD5A2702ACC400D05651 /* Build configuration list for PBXNativeTarget "Instagram Clone" */ = {
			isa = XCConfigurationList;
			buildConfigurations = (
				E468FD5B2702ACC400D05651 /* Debug */,
				E468FD5C2702ACC400D05651 /* Release */,
			);
			defaultConfigurationIsVisible = 0;
			defaultConfigurationName = Release;
		};
/* End XCConfigurationList section */

/* Begin XCVersionGroup section */
		E468FD4F2702ACC400D05651 /* Instagram_Clone.xcdatamodeld */ = {
			isa = XCVersionGroup;
			children = (
				E468FD502702ACC400D05651 /* Instagram_Clone.xcdatamodel */,
			);
			currentVersion = E468FD502702ACC400D05651 /* Instagram_Clone.xcdatamodel */;
			path = Instagram_Clone.xcdatamodeld;
			sourceTree = "<group>";
			versionGroupType = wrapper.xcdatamodel;
		};
/* End XCVersionGroup section */
	};
	rootObject = E468FD3B2702ACC400D05651 /* Project object */;
}
